
Microsoft Visual Studio Solution File, Format Version 12.00
# Visual Studio Version 17
VisualStudioVersion = 17.2.32526.322
MinimumVisualStudioVersion = 10.0.40219.1
Project("{FAE04EC0-301F-11D3-BF4B-00C04F79EFBC}") = "StokApp.Data", "StokApp.Data\StokApp.Data.csproj", "{8EC5A86E-AE95-4C10-88B9-28873CA1EAE5}"
EndProject
Global
	GlobalSection(SolutionConfigurationPlatforms) = preSolution
		Debug|Any CPU = Debug|Any CPU
		Release|Any CPU = Release|Any CPU
	EndGlobalSection
	GlobalSection(ProjectConfigurationPlatforms) = postSolution
		{8EC5A86E-AE95-4C10-88B9-28873CA1EAE5}.Debug|Any CPU.ActiveCfg = Debug|Any CPU
		{8EC5A86E-AE95-4C10-88B9-28873CA1EAE5}.Debug|Any CPU.Build.0 = Debug|Any CPU
		{8EC5A86E-AE95-4C10-88B9-28873CA1EAE5}.Release|Any CPU.ActiveCfg = Release|Any CPU
		{8EC5A86E-AE95-4C10-88B9-28873CA1EAE5}.Release|Any CPU.Build.0 = Release|Any CPU
	EndGlobalSection
	GlobalSection(SolutionProperties) = preSolution
		HideSolutionNode = FALSE
	EndGlobalSection
	GlobalSection(ExtensibilityGlobals) = postSolution
		SolutionGuid = {8D3B16A6-2E7B-4951-85AF-3BD722BE9CA8}
	EndGlobalSection
EndGlobal
